
Microsoft Visual Studio Solution File, Format Version 12.00
# Visual Studio 15
VisualStudioVersion = 15.0.28307.539
MinimumVisualStudioVersion = 10.0.40219.1
Project("{FAE04EC0-301F-11D3-BF4B-00C04F79EFBC}") = "Introduction", "Introduction\Introduction.csproj", "{FEE6A9D1-A639-4057-B865-D14A7658A811}"
EndProject
Project("{FAE04EC0-301F-11D3-BF4B-00C04F79EFBC}") = "Queries", "Queries\Queries.csproj", "{C8694D82-E067-4BF8-9752-3B99AD231FC9}"
EndProject
Project("{FAE04EC0-301F-11D3-BF4B-00C04F79EFBC}") = "Features", "Features\Features.csproj", "{91F42D3F-6EC1-4A72-AB9D-282AAC0BFF06}"
EndProject
Global
	GlobalSection(SolutionConfigurationPlatforms) = preSolution
		Debug|Any CPU = Debug|Any CPU
		Release|Any CPU = Release|Any CPU
	EndGlobalSection
	GlobalSection(ProjectConfigurationPlatforms) = postSolution
		{FEE6A9D1-A639-4057-B865-D14A7658A811}.Debug|Any CPU.ActiveCfg = Debug|Any CPU
		{FEE6A9D1-A639-4057-B865-D14A7658A811}.Debug|Any CPU.Build.0 = Debug|Any CPU
		{FEE6A9D1-A639-4057-B865-D14A7658A811}.Release|Any CPU.ActiveCfg = Release|Any CPU
		{FEE6A9D1-A639-4057-B865-D14A7658A811}.Release|Any CPU.Build.0 = Release|Any CPU
		{C8694D82-E067-4BF8-9752-3B99AD231FC9}.Debug|Any CPU.ActiveCfg = Debug|Any CPU
		{C8694D82-E067-4BF8-9752-3B99AD231FC9}.Debug|Any CPU.Build.0 = Debug|Any CPU
		{C8694D82-E067-4BF8-9752-3B99AD231FC9}.Release|Any CPU.ActiveCfg = Release|Any CPU
		{C8694D82-E067-4BF8-9752-3B99AD231FC9}.Release|Any CPU.Build.0 = Release|Any CPU
		{91F42D3F-6EC1-4A72-AB9D-282AAC0BFF06}.Debug|Any CPU.ActiveCfg = Debug|Any CPU
		{91F42D3F-6EC1-4A72-AB9D-282AAC0BFF06}.Debug|Any CPU.Build.0 = Debug|Any CPU
		{91F42D3F-6EC1-4A72-AB9D-282AAC0BFF06}.Release|Any CPU.ActiveCfg = Release|Any CPU
		{91F42D3F-6EC1-4A72-AB9D-282AAC0BFF06}.Release|Any CPU.Build.0 = Release|Any CPU
	EndGlobalSection
	GlobalSection(SolutionProperties) = preSolution
		HideSolutionNode = FALSE
	EndGlobalSection
	GlobalSection(ExtensibilityGlobals) = postSolution
		SolutionGuid = {30BB7C1D-A7AD-4D37-BFA9-24E063CDFFB5}
	EndGlobalSection
EndGlobal
